{
  "nodes": {
    "akaimage-keys": {
      "flake": false,
      "locked": {
        "narHash": "sha256-rg9HT1TprtMOOXdak7MtwUISirFnTgSVUZZZBpttWxI=",
        "type": "file",
        "url": "https://github.com/akaimage.keys"
      },
      "original": {
        "type": "file",
        "url": "https://github.com/akaimage.keys"
      }
    },
    "e00e-keys": {
      "flake": false,
      "locked": {
        "narHash": "sha256-KQ2HOPRmBFeGDUN6IOaHdCwxSpLBsYcY7FVxDiSQLnE=",
        "type": "file",
        "url": "https://github.com/e00e.keys"
      },
      "original": {
        "type": "file",
        "url": "https://github.com/e00e.keys"
      }
    },
    "flake-compat": {
      "flake": false,
      "locked": {
        "lastModified": 1733328505,
        "narHash": "sha256-NeCCThCEP3eCl2l/+27kNNK7QrwZB1IJCrXfrbv5oqU=",
        "owner": "edolstra",
        "repo": "flake-compat",
        "rev": "ff81ac966bb2cae68946d5ed5fc4994f96d0ffec",
        "type": "github"
      },
      "original": {
        "owner": "edolstra",
        "repo": "flake-compat",
        "type": "github"
      }
    },
    "flake-utils": {
      "inputs": {
        "systems": "systems"
      },
      "locked": {
        "lastModified": 1731533236,
        "narHash": "sha256-l0KFg5HjrsfsO/JpG+r7fRrqm12kzFHyUHqHCVpMMbI=",
        "owner": "numtide",
        "repo": "flake-utils",
        "rev": "11707dc2f618dd54ca8739b309ec4fc024de578b",
        "type": "github"
      },
      "original": {
        "id": "flake-utils",
        "type": "indirect"
      }
    },
    "float3-keys": {
      "flake": false,
      "locked": {
        "narHash": "sha256-rk9/cN/IDLTbp9ZYg8zE9Ien2m2fxfKDysSZ35GHfMs=",
        "type": "file",
        "url": "https://github.com/float3.keys"
      },
      "original": {
        "type": "file",
        "url": "https://github.com/float3.keys"
      }
    },
    "home-manager": {
      "inputs": {
        "nixpkgs": [
          "nixpkgs"
        ]
      },
      "locked": {
        "lastModified": 1742530487,
        "narHash": "sha256-yjBjRn294NpPagPAQCio20X5BzBXiOoz2+xF3/YmEkU=",
        "owner": "nix-community",
        "repo": "home-manager",
        "rev": "d61711497be9ad6a6633aaf203b038b5a970621f",
        "type": "github"
      },
      "original": {
        "owner": "nix-community",
        "repo": "home-manager",
        "type": "github"
      }
    },
    "nix-index-database": {
      "inputs": {
        "nixpkgs": [
          "nixpkgs"
        ]
      },
      "locked": {
        "lastModified": 1742174123,
        "narHash": "sha256-pDNzMoR6m1ZSJToZQ6XDTLVSdzIzmFl1b8Pc3f7iV6Y=",
        "owner": "nix-community",
        "repo": "nix-index-database",
        "rev": "2cfb4e1ca32f59dd2811d7a6dd5d4d1225f0955c",
        "type": "github"
      },
      "original": {
        "owner": "nix-community",
        "repo": "nix-index-database",
        "type": "github"
      }
    },
    "nixos-hardware": {
      "locked": {
        "lastModified": 1742376361,
        "narHash": "sha256-VFMgJkp/COvkt5dnkZB4D2szVdmF6DGm5ZdVvTUy61c=",
        "owner": "nixos",
        "repo": "nixos-hardware",
        "rev": "daaae13dff0ecc692509a1332ff9003d9952d7a9",
        "type": "github"
      },
      "original": {
        "owner": "nixos",
        "ref": "master",
        "repo": "nixos-hardware",
        "type": "github"
      }
    },
    "nixos-wsl": {
      "inputs": {
        "flake-compat": "flake-compat",
        "nixpkgs": "nixpkgs"
      },
      "locked": {
        "lastModified": 1742481215,
        "narHash": "sha256-m7I/2UaGEFOI+Cy0RoADBi10NZt1WD5N3q2jUwPprE4=",
        "owner": "nix-community",
        "repo": "NixOS-WSL",
        "rev": "96d7df91cce0d7cd30d1958fe1aefcb5f9bfced7",
        "type": "github"
      },
      "original": {
        "owner": "nix-community",
        "repo": "NixOS-WSL",
        "type": "github"
      }
    },
    "nixpkgs": {
      "locked": {
        "lastModified": 1740865531,
        "narHash": "sha256-h00vGIh/jxcGl8aWdfnVRD74KuLpyY3mZgMFMy7iKIc=",
        "owner": "NixOS",
        "repo": "nixpkgs",
        "rev": "5ef6c425980847c78a80d759abc476e941a9bf42",
        "type": "github"
      },
      "original": {
        "owner": "NixOS",
        "ref": "nixos-24.11",
        "repo": "nixpkgs",
        "type": "github"
      }
    },
    "nixpkgs_2": {
      "locked": {
        "lastModified": 1742422364,
        "narHash": "sha256-mNqIplmEohk5jRkqYqG19GA8MbQ/D4gQSK0Mu4LvfRQ=",
        "owner": "nixos",
        "repo": "nixpkgs",
        "rev": "a84ebe20c6bc2ecbcfb000a50776219f48d134cc",
        "type": "github"
      },
      "original": {
        "owner": "nixos",
        "ref": "nixos-unstable",
        "repo": "nixpkgs",
        "type": "github"
      }
    },
    "nyrox-keys": {
      "flake": false,
      "locked": {
        "narHash": "sha256-5eLbC+DCILdK0zc/E8MnjU59O/gd1xsge/MbGzOWWcU=",
        "type": "file",
        "url": "https://github.com/nyrox.keys"
      },
      "original": {
        "type": "file",
        "url": "https://github.com/nyrox.keys"
      }
    },
    "ow-mod-man": {
      "inputs": {
        "nixpkgs": [
          "nixpkgs"
        ]
      },
      "locked": {
        "lastModified": 1737809378,
        "narHash": "sha256-NIg8heytWUshpoUbaH+RFIvwPBQGXL6yaGKvUuGnxg8=",
        "owner": "ow-mods",
        "repo": "ow-mod-man",
        "rev": "c15a09abb379f16c9d39652c8e3768fe2179d6eb",
        "type": "github"
      },
      "original": {
        "owner": "ow-mods",
        "repo": "ow-mod-man",
        "type": "github"
      }
    },
    "pema99-keys": {
      "flake": false,
      "locked": {
        "narHash": "sha256-o9CnP/YcNhAd8aiVnKy0M5Xo5CWNz7Oa3lXzcrDrzzw=",
        "type": "file",
        "url": "https://github.com/pema99.keys"
      },
      "original": {
        "type": "file",
        "url": "https://github.com/pema99.keys"
      }
    },
    "root": {
      "inputs": {
        "akaimage-keys": "akaimage-keys",
        "e00e-keys": "e00e-keys",
        "flake-utils": "flake-utils",
        "float3-keys": "float3-keys",
        "home-manager": "home-manager",
        "nix-index-database": "nix-index-database",
        "nixos-hardware": "nixos-hardware",
        "nixos-wsl": "nixos-wsl",
        "nixpkgs": "nixpkgs_2",
        "nyrox-keys": "nyrox-keys",
        "ow-mod-man": "ow-mod-man",
        "pema99-keys": "pema99-keys",
        "stephen-keys": "stephen-keys"
      }
    },
    "stephen-keys": {
      "flake": false,
      "locked": {
        "narHash": "sha256-HVB+RdQNlt3V5vjBGcqeLIe7k73kYUHiIvt1m3C2usc=",
        "type": "file",
        "url": "https://gitlab.scd31.com/stephen.keys"
      },
      "original": {
        "type": "file",
        "url": "https://gitlab.scd31.com/stephen.keys"
      }
    },
    "systems": {
      "locked": {
        "lastModified": 1681028828,
        "narHash": "sha256-Vy1rq5AaRuLzOxct8nz4T6wlgyUR7zLU309k9mBC768=",
        "owner": "nix-systems",
        "repo": "default",
        "rev": "da67096a3b9bf56a91d16901293e51ba5b49a27e",
        "type": "github"
      },
      "original": {
        "owner": "nix-systems",
        "repo": "default",
        "type": "github"
      }
    }
  },
  "root": "root",
  "version": 7
}
