{
  "nodes": {
    "akaimage-keys": {
      "flake": false,
      "locked": {
        "narHash": "sha256-rg9HT1TprtMOOXdak7MtwUISirFnTgSVUZZZBpttWxI=",
        "type": "file",
        "url": "https://github.com/akaimage.keys"
      },
      "original": {
        "type": "file",
        "url": "https://github.com/akaimage.keys"
      }
    },
    "e00e-keys": {
      "flake": false,
      "locked": {
        "narHash": "sha256-KQ2HOPRmBFeGDUN6IOaHdCwxSpLBsYcY7FVxDiSQLnE=",
        "type": "file",
        "url": "https://github.com/e00e.keys"
      },
      "original": {
        "type": "file",
        "url": "https://github.com/e00e.keys"
      }
    },
    "flake-utils": {
      "inputs": {
        "systems": "systems"
      },
      "locked": {
        "lastModified": 1731533236,
        "narHash": "sha256-l0KFg5HjrsfsO/JpG+r7fRrqm12kzFHyUHqHCVpMMbI=",
        "owner": "numtide",
        "repo": "flake-utils",
        "rev": "11707dc2f618dd54ca8739b309ec4fc024de578b",
        "type": "github"
      },
      "original": {
        "id": "flake-utils",
        "type": "indirect"
      }
    },
    "float3-keys": {
      "flake": false,
      "locked": {
        "narHash": "sha256-QYc2mvI1PBfy4IgtO9HEmPjCUfbbyJF4IFM+vOWmQHI=",
        "type": "file",
        "url": "https://github.com/float3.keys"
      },
      "original": {
        "type": "file",
        "url": "https://github.com/float3.keys"
      }
    },
    "nix-index-database": {
      "inputs": {
        "nixpkgs": [
          "nixpkgs"
        ]
      },
      "locked": {
        "lastModified": 1738466368,
        "narHash": "sha256-PZhUjtvQZOH3PO0EYdTpQvcqkgkq1NkP2A6w9SPHYsk=",
        "owner": "nix-community",
        "repo": "nix-index-database",
        "rev": "46a8f5fc9552b776bfc5c5c96ea3bede33f68f52",
        "type": "github"
      },
      "original": {
        "owner": "nix-community",
        "repo": "nix-index-database",
        "type": "github"
      }
    },
    "nixpkgs": {
      "locked": {
        "lastModified": 1734424634,
        "narHash": "sha256-cHar1vqHOOyC7f1+tVycPoWTfKIaqkoe1Q6TnKzuti4=",
        "owner": "nixos",
        "repo": "nixpkgs",
        "rev": "d3c42f187194c26d9f0309a8ecc469d6c878ce33",
        "type": "github"
      },
      "original": {
        "owner": "nixos",
        "ref": "nixos-unstable",
        "repo": "nixpkgs",
        "type": "github"
      }
    },
    "nyrox-keys": {
      "flake": false,
      "locked": {
        "narHash": "sha256-5eLbC+DCILdK0zc/E8MnjU59O/gd1xsge/MbGzOWWcU=",
        "type": "file",
        "url": "https://github.com/nyrox.keys"
      },
      "original": {
        "type": "file",
        "url": "https://github.com/nyrox.keys"
      }
    },
    "ow-mod-man": {
      "inputs": {
        "nixpkgs": [
          "nixpkgs"
        ]
      },
      "locked": {
        "lastModified": 1737809378,
        "narHash": "sha256-NIg8heytWUshpoUbaH+RFIvwPBQGXL6yaGKvUuGnxg8=",
        "owner": "ow-mods",
        "repo": "ow-mod-man",
        "rev": "c15a09abb379f16c9d39652c8e3768fe2179d6eb",
        "type": "github"
      },
      "original": {
        "owner": "ow-mods",
        "repo": "ow-mod-man",
        "type": "github"
      }
    },
    "pema99-keys": {
      "flake": false,
      "locked": {
        "narHash": "sha256-o9CnP/YcNhAd8aiVnKy0M5Xo5CWNz7Oa3lXzcrDrzzw=",
        "type": "file",
        "url": "https://github.com/pema99.keys"
      },
      "original": {
        "type": "file",
        "url": "https://github.com/pema99.keys"
      }
    },
    "root": {
      "inputs": {
        "akaimage-keys": "akaimage-keys",
        "e00e-keys": "e00e-keys",
        "flake-utils": "flake-utils",
        "float3-keys": "float3-keys",
        "nix-index-database": "nix-index-database",
        "nixpkgs": "nixpkgs",
        "nyrox-keys": "nyrox-keys",
        "ow-mod-man": "ow-mod-man",
        "pema99-keys": "pema99-keys",
        "stephen-keys": "stephen-keys"
      }
    },
    "stephen-keys": {
      "flake": false,
      "locked": {
        "narHash": "sha256-PwKVYQdk/EmTO/cwHSbRcyU3mqH2nzUDuh89+w4XHtE=",
        "type": "file",
        "url": "https://gitlab.scd31.com/stephen.keys"
      },
      "original": {
        "type": "file",
        "url": "https://gitlab.scd31.com/stephen.keys"
      }
    },
    "systems": {
      "locked": {
        "lastModified": 1681028828,
        "narHash": "sha256-Vy1rq5AaRuLzOxct8nz4T6wlgyUR7zLU309k9mBC768=",
        "owner": "nix-systems",
        "repo": "default",
        "rev": "da67096a3b9bf56a91d16901293e51ba5b49a27e",
        "type": "github"
      },
      "original": {
        "owner": "nix-systems",
        "repo": "default",
        "type": "github"
      }
    }
  },
  "root": "root",
  "version": 7
}
